
Microsoft Visual Studio Solution File, Format Version 12.00
# Visual Studio Version 17
VisualStudioVersion = 17.9.34723.18
MinimumVisualStudioVersion = 10.0.40219.1
Project("{FAE04EC0-301F-11D3-BF4B-00C04F79EFBC}") = "CLEAN CODE CAP 2 (NOMBRES CON SENTIDO)", "CLEAN CODE CAP 2 (NOMBRES CON SENTIDO)\CLEAN CODE CAP 2 (NOMBRES CON SENTIDO).csproj", "{0AF8B532-364A-4C16-B705-AFAFD11FA71A}"
EndProject
Global
	GlobalSection(SolutionConfigurationPlatforms) = preSolution
		Debug|Any CPU = Debug|Any CPU
		Release|Any CPU = Release|Any CPU
	EndGlobalSection
	GlobalSection(ProjectConfigurationPlatforms) = postSolution
		{0AF8B532-364A-4C16-B705-AFAFD11FA71A}.Debug|Any CPU.ActiveCfg = Debug|Any CPU
		{0AF8B532-364A-4C16-B705-AFAFD11FA71A}.Debug|Any CPU.Build.0 = Debug|Any CPU
		{0AF8B532-364A-4C16-B705-AFAFD11FA71A}.Release|Any CPU.ActiveCfg = Release|Any CPU
		{0AF8B532-364A-4C16-B705-AFAFD11FA71A}.Release|Any CPU.Build.0 = Release|Any CPU
	EndGlobalSection
	GlobalSection(SolutionProperties) = preSolution
		HideSolutionNode = FALSE
	EndGlobalSection
	GlobalSection(ExtensibilityGlobals) = postSolution
		SolutionGuid = {DEA14908-705C-45B9-9FA4-ABBAF22C8442}
	EndGlobalSection
EndGlobal
